
Microsoft Visual Studio Solution File, Format Version 12.00
# Visual Studio Version 17
VisualStudioVersion = 17.2.32526.322
MinimumVisualStudioVersion = 10.0.40219.1
Project("{9A19103F-16F7-4668-BE54-9A1E7A4F7556}") = "Shared", "Shared\Shared.csproj", "{40D19E09-48EA-447C-8B3D-52C5D587B5A3}"
EndProject
Project("{2150E333-8FDC-42A3-9474-1A3956D46DE8}") = "Solution Items", "Solution Items", "{9ED1C2DF-71E3-45C1-BE7C-07E80E77228D}"
	ProjectSection(SolutionItems) = preProject
		.editorconfig = .editorconfig
		sql-server-docker.yaml = sql-server-docker.yaml
	EndProjectSection
EndProject
Project("{9A19103F-16F7-4668-BE54-9A1E7A4F7556}") = "Practico3", "Practico3\Practico3.csproj", "{B55AC83D-2B9C-4B2C-AD02-EE59FE4185CD}"
EndProject
Project("{FAE04EC0-301F-11D3-BF4B-00C04F79EFBC}") = "DataAccessLayer", "DataAccessLayer\DataAccessLayer.csproj", "{3158C152-D2E0-49CE-A227-0E4E409F9970}"
EndProject
Project("{FAE04EC0-301F-11D3-BF4B-00C04F79EFBC}") = "BusinessLayer", "BusinessLayer\BusinessLayer.csproj", "{DB2CE497-6235-4AA8-A14E-FDB3F2C06117}"
EndProject
Project("{2150E333-8FDC-42A3-9474-1A3956D46DE8}") = "Scripts", "Scripts", "{C62E586A-7571-4043-950F-34718166C420}"
	ProjectSection(SolutionItems) = preProject
		Scripts.sql = Scripts.sql
	EndProjectSection
EndProject
Global
	GlobalSection(SolutionConfigurationPlatforms) = preSolution
		Debug|Any CPU = Debug|Any CPU
		Release|Any CPU = Release|Any CPU
	EndGlobalSection
	GlobalSection(ProjectConfigurationPlatforms) = postSolution
		{40D19E09-48EA-447C-8B3D-52C5D587B5A3}.Debug|Any CPU.ActiveCfg = Debug|Any CPU
		{40D19E09-48EA-447C-8B3D-52C5D587B5A3}.Debug|Any CPU.Build.0 = Debug|Any CPU
		{40D19E09-48EA-447C-8B3D-52C5D587B5A3}.Release|Any CPU.ActiveCfg = Release|Any CPU
		{40D19E09-48EA-447C-8B3D-52C5D587B5A3}.Release|Any CPU.Build.0 = Release|Any CPU
		{B55AC83D-2B9C-4B2C-AD02-EE59FE4185CD}.Debug|Any CPU.ActiveCfg = Debug|Any CPU
		{B55AC83D-2B9C-4B2C-AD02-EE59FE4185CD}.Debug|Any CPU.Build.0 = Debug|Any CPU
		{B55AC83D-2B9C-4B2C-AD02-EE59FE4185CD}.Release|Any CPU.ActiveCfg = Release|Any CPU
		{B55AC83D-2B9C-4B2C-AD02-EE59FE4185CD}.Release|Any CPU.Build.0 = Release|Any CPU
		{3158C152-D2E0-49CE-A227-0E4E409F9970}.Debug|Any CPU.ActiveCfg = Debug|Any CPU
		{3158C152-D2E0-49CE-A227-0E4E409F9970}.Debug|Any CPU.Build.0 = Debug|Any CPU
		{3158C152-D2E0-49CE-A227-0E4E409F9970}.Release|Any CPU.ActiveCfg = Release|Any CPU
		{3158C152-D2E0-49CE-A227-0E4E409F9970}.Release|Any CPU.Build.0 = Release|Any CPU
		{DB2CE497-6235-4AA8-A14E-FDB3F2C06117}.Debug|Any CPU.ActiveCfg = Debug|Any CPU
		{DB2CE497-6235-4AA8-A14E-FDB3F2C06117}.Debug|Any CPU.Build.0 = Debug|Any CPU
		{DB2CE497-6235-4AA8-A14E-FDB3F2C06117}.Release|Any CPU.ActiveCfg = Release|Any CPU
		{DB2CE497-6235-4AA8-A14E-FDB3F2C06117}.Release|Any CPU.Build.0 = Release|Any CPU
	EndGlobalSection
	GlobalSection(SolutionProperties) = preSolution
		HideSolutionNode = FALSE
	EndGlobalSection
	GlobalSection(NestedProjects) = preSolution
		{C62E586A-7571-4043-950F-34718166C420} = {9ED1C2DF-71E3-45C1-BE7C-07E80E77228D}
	EndGlobalSection
	GlobalSection(ExtensibilityGlobals) = postSolution
		SolutionGuid = {632F2F96-21A1-4E46-9EC1-36A96F536591}
	EndGlobalSection
EndGlobal
